// !$*UTF8*$!
{
	archiveVersion = 1;
	classes = {
	};
	objectVersion = 56;
	objects = {

/* Begin PBXBuildFile section */
		280F1DB128F84B0400910A0A /* errore_range_val_tipo.cpp in Sources */ = {isa = PBXBuildFile; fileRef = 280F1DB028F84B0400910A0A /* errore_range_val_tipo.cpp */; };
		280F1DB328F84BDB00910A0A /* operator_overloading_output_00.cpp in Sources */ = {isa = PBXBuildFile; fileRef = 280F1DB228F84BDB00910A0A /* operator_overloading_output_00.cpp */; };
		280F1DB528F84C6E00910A0A /* scope_variabili_00.cpp in Sources */ = {isa = PBXBuildFile; fileRef = 280F1DB428F84C6E00910A0A /* scope_variabili_00.cpp */; };
		280F1DB728F84CA700910A0A /* operator_overloading_output_02.cpp in Sources */ = {isa = PBXBuildFile; fileRef = 280F1DB628F84CA700910A0A /* operator_overloading_output_02.cpp */; };
		280F1DB928F84D2700910A0A /* scope_variabili_20.cpp in Sources */ = {isa = PBXBuildFile; fileRef = 280F1DB828F84D2700910A0A /* scope_variabili_20.cpp */; };
		280F1DBB28F84D3D00910A0A /* operatore_pre-postfisso.cpp in Sources */ = {isa = PBXBuildFile; fileRef = 280F1DBA28F84D3D00910A0A /* operatore_pre-postfisso.cpp */; };
		280F1DBD28F84D5E00910A0A /* puntatori_005.cpp in Sources */ = {isa = PBXBuildFile; fileRef = 280F1DBC28F84D5E00910A0A /* puntatori_005.cpp */; };
		28C179FC28F84A2300CCBD34 /* main.cpp in Sources */ = {isa = PBXBuildFile; fileRef = 28C179FB28F84A2300CCBD34 /* main.cpp */; };
/* End PBXBuildFile section */

/* Begin PBXCopyFilesBuildPhase section */
		28C179F628F84A2300CCBD34 /* CopyFiles */ = {
			isa = PBXCopyFilesBuildPhase;
			buildActionMask = 2147483647;
			dstPath = /usr/share/man/man1/;
			dstSubfolderSpec = 0;
			files = (
			);
			runOnlyForDeploymentPostprocessing = 1;
		};
/* End PBXCopyFilesBuildPhase section */

/* Begin PBXFileReference section */
		280F1DB028F84B0400910A0A /* errore_range_val_tipo.cpp */ = {isa = PBXFileReference; fileEncoding = 4; lastKnownFileType = sourcecode.cpp.cpp; name = errore_range_val_tipo.cpp; path = ../../../../Downloads/errore_range_val_tipo.cpp; sourceTree = "<group>"; };
		280F1DB228F84BDB00910A0A /* operator_overloading_output_00.cpp */ = {isa = PBXFileReference; fileEncoding = 4; lastKnownFileType = sourcecode.cpp.cpp; name = operator_overloading_output_00.cpp; path = ../../../../Downloads/operator_overloading_output_00.cpp; sourceTree = "<group>"; };
		280F1DB428F84C6E00910A0A /* scope_variabili_00.cpp */ = {isa = PBXFileReference; fileEncoding = 4; lastKnownFileType = sourcecode.cpp.cpp; name = scope_variabili_00.cpp; path = ../../../../Downloads/scope_variabili_00.cpp; sourceTree = "<group>"; };
		280F1DB628F84CA700910A0A /* operator_overloading_output_02.cpp */ = {isa = PBXFileReference; fileEncoding = 4; lastKnownFileType = sourcecode.cpp.cpp; name = operator_overloading_output_02.cpp; path = ../../../../Downloads/operator_overloading_output_02.cpp; sourceTree = "<group>"; };
		280F1DB828F84D2700910A0A /* scope_variabili_20.cpp */ = {isa = PBXFileReference; fileEncoding = 4; lastKnownFileType = sourcecode.cpp.cpp; name = scope_variabili_20.cpp; path = ../../../../Downloads/scope_variabili_20.cpp; sourceTree = "<group>"; };
		280F1DBA28F84D3D00910A0A /* operatore_pre-postfisso.cpp */ = {isa = PBXFileReference; fileEncoding = 4; lastKnownFileType = sourcecode.cpp.cpp; name = "operatore_pre-postfisso.cpp"; path = "../../../../Downloads/operatore_pre-postfisso.cpp"; sourceTree = "<group>"; };
		280F1DBC28F84D5E00910A0A /* puntatori_005.cpp */ = {isa = PBXFileReference; fileEncoding = 4; lastKnownFileType = sourcecode.cpp.cpp; name = puntatori_005.cpp; path = ../../../../Downloads/puntatori_005.cpp; sourceTree = "<group>"; };
		28C179F828F84A2300CCBD34 /* 12-10-2022 */ = {isa = PBXFileReference; explicitFileType = "compiled.mach-o.executable"; includeInIndex = 0; path = "12-10-2022"; sourceTree = BUILT_PRODUCTS_DIR; };
		28C179FB28F84A2300CCBD34 /* main.cpp */ = {isa = PBXFileReference; lastKnownFileType = sourcecode.cpp.cpp; path = main.cpp; sourceTree = "<group>"; };
/* End PBXFileReference section */

/* Begin PBXFrameworksBuildPhase section */
		28C179F528F84A2300CCBD34 /* Frameworks */ = {
			isa = PBXFrameworksBuildPhase;
			buildActionMask = 2147483647;
			files = (
			);
			runOnlyForDeploymentPostprocessing = 0;
		};
/* End PBXFrameworksBuildPhase section */

/* Begin PBXGroup section */
		28C179EF28F84A2300CCBD34 = {
			isa = PBXGroup;
			children = (
				28C179FA28F84A2300CCBD34 /* 12-10-2022 */,
				28C179F928F84A2300CCBD34 /* Products */,
			);
			sourceTree = "<group>";
		};
		28C179F928F84A2300CCBD34 /* Products */ = {
			isa = PBXGroup;
			children = (
				28C179F828F84A2300CCBD34 /* 12-10-2022 */,
			);
			name = Products;
			sourceTree = "<group>";
		};
		28C179FA28F84A2300CCBD34 /* 12-10-2022 */ = {
			isa = PBXGroup;
			children = (
				28C179FB28F84A2300CCBD34 /* main.cpp */,
				280F1DB028F84B0400910A0A /* errore_range_val_tipo.cpp */,
				280F1DB228F84BDB00910A0A /* operator_overloading_output_00.cpp */,
				280F1DB428F84C6E00910A0A /* scope_variabili_00.cpp */,
				280F1DB628F84CA700910A0A /* operator_overloading_output_02.cpp */,
				280F1DB828F84D2700910A0A /* scope_variabili_20.cpp */,
				280F1DBA28F84D3D00910A0A /* operatore_pre-postfisso.cpp */,
				280F1DBC28F84D5E00910A0A /* puntatori_005.cpp */,
			);
			path = "12-10-2022";
			sourceTree = "<group>";
		};
/* End PBXGroup section */

/* Begin PBXNativeTarget section */
		28C179F728F84A2300CCBD34 /* 12-10-2022 */ = {
			isa = PBXNativeTarget;
			buildConfigurationList = 28C179FF28F84A2300CCBD34 /* Build configuration list for PBXNativeTarget "12-10-2022" */;
			buildPhases = (
				28C179F428F84A2300CCBD34 /* Sources */,
				28C179F528F84A2300CCBD34 /* Frameworks */,
				28C179F628F84A2300CCBD34 /* CopyFiles */,
			);
			buildRules = (
			);
			dependencies = (
			);
			name = "12-10-2022";
			productName = "12-10-2022";
			productReference = 28C179F828F84A2300CCBD34 /* 12-10-2022 */;
			productType = "com.apple.product-type.tool";
		};
/* End PBXNativeTarget section */

/* Begin PBXProject section */
		28C179F028F84A2300CCBD34 /* Project object */ = {
			isa = PBXProject;
			attributes = {
				BuildIndependentTargetsInParallel = 1;
				LastUpgradeCheck = 1410;
				TargetAttributes = {
					28C179F728F84A2300CCBD34 = {
						CreatedOnToolsVersion = 14.1;
					};
				};
			};
			buildConfigurationList = 28C179F328F84A2300CCBD34 /* Build configuration list for PBXProject "12-10-2022" */;
			compatibilityVersion = "Xcode 14.0";
			developmentRegion = en;
			hasScannedForEncodings = 0;
			knownRegions = (
				en,
				Base,
			);
			mainGroup = 28C179EF28F84A2300CCBD34;
			productRefGroup = 28C179F928F84A2300CCBD34 /* Products */;
			projectDirPath = "";
			projectRoot = "";
			targets = (
				28C179F728F84A2300CCBD34 /* 12-10-2022 */,
			);
		};
/* End PBXProject section */

/* Begin PBXSourcesBuildPhase section */
		28C179F428F84A2300CCBD34 /* Sources */ = {
			isa = PBXSourcesBuildPhase;
			buildActionMask = 2147483647;
			files = (
				280F1DB328F84BDB00910A0A /* operator_overloading_output_00.cpp in Sources */,
				280F1DB128F84B0400910A0A /* errore_range_val_tipo.cpp in Sources */,
				280F1DB728F84CA700910A0A /* operator_overloading_output_02.cpp in Sources */,
				280F1DBB28F84D3D00910A0A /* operatore_pre-postfisso.cpp in Sources */,
				280F1DBD28F84D5E00910A0A /* puntatori_005.cpp in Sources */,
				280F1DB528F84C6E00910A0A /* scope_variabili_00.cpp in Sources */,
				280F1DB928F84D2700910A0A /* scope_variabili_20.cpp in Sources */,
				28C179FC28F84A2300CCBD34 /* main.cpp in Sources */,
			);
			runOnlyForDeploymentPostprocessing = 0;
		};
/* End PBXSourcesBuildPhase section */

/* Begin XCBuildConfiguration section */
		28C179FD28F84A2300CCBD34 /* Debug */ = {
			isa = XCBuildConfiguration;
			buildSettings = {
				ALWAYS_SEARCH_USER_PATHS = NO;
				CLANG_ANALYZER_NONNULL = YES;
				CLANG_ANALYZER_NUMBER_OBJECT_CONVERSION = YES_AGGRESSIVE;
				CLANG_CXX_LANGUAGE_STANDARD = "gnu++20";
				CLANG_ENABLE_MODULES = YES;
				CLANG_ENABLE_OBJC_ARC = YES;
				CLANG_ENABLE_OBJC_WEAK = YES;
				CLANG_WARN_BLOCK_CAPTURE_AUTORELEASING = YES;
				CLANG_WARN_BOOL_CONVERSION = YES;
				CLANG_WARN_COMMA = YES;
				CLANG_WARN_CONSTANT_CONVERSION = YES;
				CLANG_WARN_DEPRECATED_OBJC_IMPLEMENTATIONS = YES;
				CLANG_WARN_DIRECT_OBJC_ISA_USAGE = YES_ERROR;
				CLANG_WARN_DOCUMENTATION_COMMENTS = YES;
				CLANG_WARN_EMPTY_BODY = YES;
				CLANG_WARN_ENUM_CONVERSION = YES;
				CLANG_WARN_INFINITE_RECURSION = YES;
				CLANG_WARN_INT_CONVERSION = YES;
				CLANG_WARN_NON_LITERAL_NULL_CONVERSION = YES;
				CLANG_WARN_OBJC_IMPLICIT_RETAIN_SELF = YES;
				CLANG_WARN_OBJC_LITERAL_CONVERSION = YES;
				CLANG_WARN_OBJC_ROOT_CLASS = YES_ERROR;
				CLANG_WARN_QUOTED_INCLUDE_IN_FRAMEWORK_HEADER = YES;
				CLANG_WARN_RANGE_LOOP_ANALYSIS = YES;
				CLANG_WARN_STRICT_PROTOTYPES = YES;
				CLANG_WARN_SUSPICIOUS_MOVE = YES;
				CLANG_WARN_UNGUARDED_AVAILABILITY = YES_AGGRESSIVE;
				CLANG_WARN_UNREACHABLE_CODE = YES;
				CLANG_WARN__DUPLICATE_METHOD_MATCH = YES;
				COPY_PHASE_STRIP = NO;
				DEBUG_INFORMATION_FORMAT = dwarf;
				ENABLE_STRICT_OBJC_MSGSEND = YES;
				ENABLE_TESTABILITY = YES;
				GCC_C_LANGUAGE_STANDARD = gnu11;
				GCC_DYNAMIC_NO_PIC = NO;
				GCC_NO_COMMON_BLOCKS = YES;
				GCC_OPTIMIZATION_LEVEL = 0;
				GCC_PREPROCESSOR_DEFINITIONS = (
					"DEBUG=1",
					"$(inherited)",
				);
				GCC_WARN_64_TO_32_BIT_CONVERSION = YES;
				GCC_WARN_ABOUT_RETURN_TYPE = YES_ERROR;
				GCC_WARN_UNDECLARED_SELECTOR = YES;
				GCC_WARN_UNINITIALIZED_AUTOS = YES_AGGRESSIVE;
				GCC_WARN_UNUSED_FUNCTION = YES;
				GCC_WARN_UNUSED_VARIABLE = YES;
				MACOSX_DEPLOYMENT_TARGET = 13.0;
				MTL_ENABLE_DEBUG_INFO = INCLUDE_SOURCE;
				MTL_FAST_MATH = YES;
				ONLY_ACTIVE_ARCH = YES;
				SDKROOT = macosx;
			};
			name = Debug;
		};
		28C179FE28F84A2300CCBD34 /* Release */ = {
			isa = XCBuildConfiguration;
			buildSettings = {
				ALWAYS_SEARCH_USER_PATHS = NO;
				CLANG_ANALYZER_NONNULL = YES;
				CLANG_ANALYZER_NUMBER_OBJECT_CONVERSION = YES_AGGRESSIVE;
				CLANG_CXX_LANGUAGE_STANDARD = "gnu++20";
				CLANG_ENABLE_MODULES = YES;
				CLANG_ENABLE_OBJC_ARC = YES;
				CLANG_ENABLE_OBJC_WEAK = YES;
				CLANG_WARN_BLOCK_CAPTURE_AUTORELEASING = YES;
				CLANG_WARN_BOOL_CONVERSION = YES;
				CLANG_WARN_COMMA = YES;
				CLANG_WARN_CONSTANT_CONVERSION = YES;
				CLANG_WARN_DEPRECATED_OBJC_IMPLEMENTATIONS = YES;
				CLANG_WARN_DIRECT_OBJC_ISA_USAGE = YES_ERROR;
				CLANG_WARN_DOCUMENTATION_COMMENTS = YES;
				CLANG_WARN_EMPTY_BODY = YES;
				CLANG_WARN_ENUM_CONVERSION = YES;
				CLANG_WARN_INFINITE_RECURSION = YES;
				CLANG_WARN_INT_CONVERSION = YES;
				CLANG_WARN_NON_LITERAL_NULL_CONVERSION = YES;
				CLANG_WARN_OBJC_IMPLICIT_RETAIN_SELF = YES;
				CLANG_WARN_OBJC_LITERAL_CONVERSION = YES;
				CLANG_WARN_OBJC_ROOT_CLASS = YES_ERROR;
				CLANG_WARN_QUOTED_INCLUDE_IN_FRAMEWORK_HEADER = YES;
				CLANG_WARN_RANGE_LOOP_ANALYSIS = YES;
				CLANG_WARN_STRICT_PROTOTYPES = YES;
				CLANG_WARN_SUSPICIOUS_MOVE = YES;
				CLANG_WARN_UNGUARDED_AVAILABILITY = YES_AGGRESSIVE;
				CLANG_WARN_UNREACHABLE_CODE = YES;
				CLANG_WARN__DUPLICATE_METHOD_MATCH = YES;
				COPY_PHASE_STRIP = NO;
				DEBUG_INFORMATION_FORMAT = "dwarf-with-dsym";
				ENABLE_NS_ASSERTIONS = NO;
				ENABLE_STRICT_OBJC_MSGSEND = YES;
				GCC_C_LANGUAGE_STANDARD = gnu11;
				GCC_NO_COMMON_BLOCKS = YES;
				GCC_WARN_64_TO_32_BIT_CONVERSION = YES;
				GCC_WARN_ABOUT_RETURN_TYPE = YES_ERROR;
				GCC_WARN_UNDECLARED_SELECTOR = YES;
				GCC_WARN_UNINITIALIZED_AUTOS = YES_AGGRESSIVE;
				GCC_WARN_UNUSED_FUNCTION = YES;
				GCC_WARN_UNUSED_VARIABLE = YES;
				MACOSX_DEPLOYMENT_TARGET = 13.0;
				MTL_ENABLE_DEBUG_INFO = NO;
				MTL_FAST_MATH = YES;
				SDKROOT = macosx;
			};
			name = Release;
		};
		28C17A0028F84A2300CCBD34 /* Debug */ = {
			isa = XCBuildConfiguration;
			buildSettings = {
				CODE_SIGN_STYLE = Automatic;
				PRODUCT_NAME = "$(TARGET_NAME)";
			};
			name = Debug;
		};
		28C17A0128F84A2300CCBD34 /* Release */ = {
			isa = XCBuildConfiguration;
			buildSettings = {
				CODE_SIGN_STYLE = Automatic;
				PRODUCT_NAME = "$(TARGET_NAME)";
			};
			name = Release;
		};
/* End XCBuildConfiguration section */

/* Begin XCConfigurationList section */
		28C179F328F84A2300CCBD34 /* Build configuration list for PBXProject "12-10-2022" */ = {
			isa = XCConfigurationList;
			buildConfigurations = (
				28C179FD28F84A2300CCBD34 /* Debug */,
				28C179FE28F84A2300CCBD34 /* Release */,
			);
			defaultConfigurationIsVisible = 0;
			defaultConfigurationName = Release;
		};
		28C179FF28F84A2300CCBD34 /* Build configuration list for PBXNativeTarget "12-10-2022" */ = {
			isa = XCConfigurationList;
			buildConfigurations = (
				28C17A0028F84A2300CCBD34 /* Debug */,
				28C17A0128F84A2300CCBD34 /* Release */,
			);
			defaultConfigurationIsVisible = 0;
			defaultConfigurationName = Release;
		};
/* End XCConfigurationList section */
	};
	rootObject = 28C179F028F84A2300CCBD34 /* Project object */;
}
